
Microsoft Visual Studio Solution File, Format Version 12.00
# Visual Studio Version 17
VisualStudioVersion = 17.8.34330.188
MinimumVisualStudioVersion = 10.0.40219.1
Project("{FAE04EC0-301F-11D3-BF4B-00C04F79EFBC}") = "MauiEx2", "MauiEx2\MauiEx2.csproj", "{F105F17D-B3CB-479E-91AE-96A361C2B8FD}"
EndProject
Global
	GlobalSection(SolutionConfigurationPlatforms) = preSolution
		Debug|Any CPU = Debug|Any CPU
		Release|Any CPU = Release|Any CPU
	EndGlobalSection
	GlobalSection(ProjectConfigurationPlatforms) = postSolution
		{F105F17D-B3CB-479E-91AE-96A361C2B8FD}.Debug|Any CPU.ActiveCfg = Debug|Any CPU
		{F105F17D-B3CB-479E-91AE-96A361C2B8FD}.Debug|Any CPU.Build.0 = Debug|Any CPU
		{F105F17D-B3CB-479E-91AE-96A361C2B8FD}.Debug|Any CPU.Deploy.0 = Debug|Any CPU
		{F105F17D-B3CB-479E-91AE-96A361C2B8FD}.Release|Any CPU.ActiveCfg = Release|Any CPU
		{F105F17D-B3CB-479E-91AE-96A361C2B8FD}.Release|Any CPU.Build.0 = Release|Any CPU
		{F105F17D-B3CB-479E-91AE-96A361C2B8FD}.Release|Any CPU.Deploy.0 = Release|Any CPU
	EndGlobalSection
	GlobalSection(SolutionProperties) = preSolution
		HideSolutionNode = FALSE
	EndGlobalSection
	GlobalSection(ExtensibilityGlobals) = postSolution
		SolutionGuid = {46911F96-FC34-44F8-928A-21911DA8145D}
	EndGlobalSection
EndGlobal
